// !$*UTF8*$!
{
	archiveVersion = 1;
	classes = {
	};
	objectVersion = 46;
	objects = {

/* Begin PBXBuildFile section */
		57BA01031DD31CAF00F05B2E /* main.m in Sources */ = {isa = PBXBuildFile; fileRef = 57BA01021DD31CAF00F05B2E /* main.m */; };
		57BA01061DD31CAF00F05B2E /* AppDelegate.m in Sources */ = {isa = PBXBuildFile; fileRef = 57BA01051DD31CAF00F05B2E /* AppDelegate.m */; };
		57BA01091DD31CAF00F05B2E /* ViewController.m in Sources */ = {isa = PBXBuildFile; fileRef = 57BA01081DD31CAF00F05B2E /* ViewController.m */; };
		57BA010C1DD31CAF00F05B2E /* Main.storyboard in Resources */ = {isa = PBXBuildFile; fileRef = 57BA010A1DD31CAF00F05B2E /* Main.storyboard */; };
		57BA010E1DD31CAF00F05B2E /* Assets.xcassets in Resources */ = {isa = PBXBuildFile; fileRef = 57BA010D1DD31CAF00F05B2E /* Assets.xcassets */; };
		57BA01111DD31CAF00F05B2E /* LaunchScreen.storyboard in Resources */ = {isa = PBXBuildFile; fileRef = 57BA010F1DD31CAF00F05B2E /* LaunchScreen.storyboard */; };
		57BA011C1DD31CAF00F05B2E /* PPX_LateralSpreadsTests.m in Sources */ = {isa = PBXBuildFile; fileRef = 57BA011B1DD31CAF00F05B2E /* PPX_LateralSpreadsTests.m */; };
		57BA01271DD31CAF00F05B2E /* PPX_LateralSpreadsUITests.m in Sources */ = {isa = PBXBuildFile; fileRef = 57BA01261DD31CAF00F05B2E /* PPX_LateralSpreadsUITests.m */; };
/* End PBXBuildFile section */

/* Begin PBXContainerItemProxy section */
		57BA01181DD31CAF00F05B2E /* PBXContainerItemProxy */ = {
			isa = PBXContainerItemProxy;
			containerPortal = 57BA00F61DD31CAF00F05B2E /* Project object */;
			proxyType = 1;
			remoteGlobalIDString = 57BA00FD1DD31CAF00F05B2E;
			remoteInfo = PPX_LateralSpreads;
		};
		57BA01231DD31CAF00F05B2E /* PBXContainerItemProxy */ = {
			isa = PBXContainerItemProxy;
			containerPortal = 57BA00F61DD31CAF00F05B2E /* Project object */;
			proxyType = 1;
			remoteGlobalIDString = 57BA00FD1DD31CAF00F05B2E;
			remoteInfo = PPX_LateralSpreads;
		};
/* End PBXContainerItemProxy section */

/* Begin PBXFileReference section */
		57BA00FE1DD31CAF00F05B2E /* PPX_LateralSpreads.app */ = {isa = PBXFileReference; explicitFileType = wrapper.application; includeInIndex = 0; path = PPX_LateralSpreads.app; sourceTree = BUILT_PRODUCTS_DIR; };
		57BA01021DD31CAF00F05B2E /* main.m */ = {isa = PBXFileReference; lastKnownFileType = sourcecode.c.objc; path = main.m; sourceTree = "<group>"; };
		57BA01041DD31CAF00F05B2E /* AppDelegate.h */ = {isa = PBXFileReference; lastKnownFileType = sourcecode.c.h; path = AppDelegate.h; sourceTree = "<group>"; };
		57BA01051DD31CAF00F05B2E /* AppDelegate.m */ = {isa = PBXFileReference; lastKnownFileType = sourcecode.c.objc; path = AppDelegate.m; sourceTree = "<group>"; };
		57BA01071DD31CAF00F05B2E /* ViewController.h */ = {isa = PBXFileReference; lastKnownFileType = sourcecode.c.h; path = ViewController.h; sourceTree = "<group>"; };
		57BA01081DD31CAF00F05B2E /* ViewController.m */ = {isa = PBXFileReference; lastKnownFileType = sourcecode.c.objc; path = ViewController.m; sourceTree = "<group>"; };
		57BA010B1DD31CAF00F05B2E /* Base */ = {isa = PBXFileReference; lastKnownFileType = file.storyboard; name = Base; path = Base.lproj/Main.storyboard; sourceTree = "<group>"; };
		57BA010D1DD31CAF00F05B2E /* Assets.xcassets */ = {isa = PBXFileReference; lastKnownFileType = folder.assetcatalog; path = Assets.xcassets; sourceTree = "<group>"; };
		57BA01101DD31CAF00F05B2E /* Base */ = {isa = PBXFileReference; lastKnownFileType = file.storyboard; name = Base; path = Base.lproj/LaunchScreen.storyboard; sourceTree = "<group>"; };
		57BA01121DD31CAF00F05B2E /* Info.plist */ = {isa = PBXFileReference; lastKnownFileType = text.plist.xml; path = Info.plist; sourceTree = "<group>"; };
		57BA01171DD31CAF00F05B2E /* PPX_LateralSpreadsTests.xctest */ = {isa = PBXFileReference; explicitFileType = wrapper.cfbundle; includeInIndex = 0; path = PPX_LateralSpreadsTests.xctest; sourceTree = BUILT_PRODUCTS_DIR; };
		57BA011B1DD31CAF00F05B2E /* PPX_LateralSpreadsTests.m */ = {isa = PBXFileReference; lastKnownFileType = sourcecode.c.objc; path = PPX_LateralSpreadsTests.m; sourceTree = "<group>"; };
		57BA011D1DD31CAF00F05B2E /* Info.plist */ = {isa = PBXFileReference; lastKnownFileType = text.plist.xml; path = Info.plist; sourceTree = "<group>"; };
		57BA01221DD31CAF00F05B2E /* PPX_LateralSpreadsUITests.xctest */ = {isa = PBXFileReference; explicitFileType = wrapper.cfbundle; includeInIndex = 0; path = PPX_LateralSpreadsUITests.xctest; sourceTree = BUILT_PRODUCTS_DIR; };
		57BA01261DD31CAF00F05B2E /* PPX_LateralSpreadsUITests.m */ = {isa = PBXFileReference; lastKnownFileType = sourcecode.c.objc; path = PPX_LateralSpreadsUITests.m; sourceTree = "<group>"; };
		57BA01281DD31CAF00F05B2E /* Info.plist */ = {isa = PBXFileReference; lastKnownFileType = text.plist.xml; path = Info.plist; sourceTree = "<group>"; };
/* End PBXFileReference section */

/* Begin PBXFrameworksBuildPhase section */
		57BA00FB1DD31CAF00F05B2E /* Frameworks */ = {
			isa = PBXFrameworksBuildPhase;
			buildActionMask = 2147483647;
			files = (
			);
			runOnlyForDeploymentPostprocessing = 0;
		};
		57BA01141DD31CAF00F05B2E /* Frameworks */ = {
			isa = PBXFrameworksBuildPhase;
			buildActionMask = 2147483647;
			files = (
			);
			runOnlyForDeploymentPostprocessing = 0;
		};
		57BA011F1DD31CAF00F05B2E /* Frameworks */ = {
			isa = PBXFrameworksBuildPhase;
			buildActionMask = 2147483647;
			files = (
			);
			runOnlyForDeploymentPostprocessing = 0;
		};
/* End PBXFrameworksBuildPhase section */

/* Begin PBXGroup section */
		57BA00F51DD31CAF00F05B2E = {
			isa = PBXGroup;
			children = (
				57BA01001DD31CAF00F05B2E /* PPX_LateralSpreads */,
				57BA011A1DD31CAF00F05B2E /* PPX_LateralSpreadsTests */,
				57BA01251DD31CAF00F05B2E /* PPX_LateralSpreadsUITests */,
				57BA00FF1DD31CAF00F05B2E /* Products */,
			);
			sourceTree = "<group>";
		};
		57BA00FF1DD31CAF00F05B2E /* Products */ = {
			isa = PBXGroup;
			children = (
				57BA00FE1DD31CAF00F05B2E /* PPX_LateralSpreads.app */,
				57BA01171DD31CAF00F05B2E /* PPX_LateralSpreadsTests.xctest */,
				57BA01221DD31CAF00F05B2E /* PPX_LateralSpreadsUITests.xctest */,
			);
			name = Products;
			sourceTree = "<group>";
		};
		57BA01001DD31CAF00F05B2E /* PPX_LateralSpreads */ = {
			isa = PBXGroup;
			children = (
				57BA01041DD31CAF00F05B2E /* AppDelegate.h */,
				57BA01051DD31CAF00F05B2E /* AppDelegate.m */,
				57BA01071DD31CAF00F05B2E /* ViewController.h */,
				57BA01081DD31CAF00F05B2E /* ViewController.m */,
				57BA010A1DD31CAF00F05B2E /* Main.storyboard */,
				57BA010D1DD31CAF00F05B2E /* Assets.xcassets */,
				57BA010F1DD31CAF00F05B2E /* LaunchScreen.storyboard */,
				57BA01121DD31CAF00F05B2E /* Info.plist */,
				57BA01011DD31CAF00F05B2E /* Supporting Files */,
			);
			path = PPX_LateralSpreads;
			sourceTree = "<group>";
		};
		57BA01011DD31CAF00F05B2E /* Supporting Files */ = {
			isa = PBXGroup;
			children = (
				57BA01021DD31CAF00F05B2E /* main.m */,
			);
			name = "Supporting Files";
			sourceTree = "<group>";
		};
		57BA011A1DD31CAF00F05B2E /* PPX_LateralSpreadsTests */ = {
			isa = PBXGroup;
			children = (
				57BA011B1DD31CAF00F05B2E /* PPX_LateralSpreadsTests.m */,
				57BA011D1DD31CAF00F05B2E /* Info.plist */,
			);
			path = PPX_LateralSpreadsTests;
			sourceTree = "<group>";
		};
		57BA01251DD31CAF00F05B2E /* PPX_LateralSpreadsUITests */ = {
			isa = PBXGroup;
			children = (
				57BA01261DD31CAF00F05B2E /* PPX_LateralSpreadsUITests.m */,
				57BA01281DD31CAF00F05B2E /* Info.plist */,
			);
			path = PPX_LateralSpreadsUITests;
			sourceTree = "<group>";
		};
/* End PBXGroup section */

/* Begin PBXNativeTarget section */
		57BA00FD1DD31CAF00F05B2E /* PPX_LateralSpreads */ = {
			isa = PBXNativeTarget;
			buildConfigurationList = 57BA012B1DD31CAF00F05B2E /* Build configuration list for PBXNativeTarget "PPX_LateralSpreads" */;
			buildPhases = (
				57BA00FA1DD31CAF00F05B2E /* Sources */,
				57BA00FB1DD31CAF00F05B2E /* Frameworks */,
				57BA00FC1DD31CAF00F05B2E /* Resources */,
			);
			buildRules = (
			);
			dependencies = (
			);
			name = PPX_LateralSpreads;
			productName = PPX_LateralSpreads;
			productReference = 57BA00FE1DD31CAF00F05B2E /* PPX_LateralSpreads.app */;
			productType = "com.apple.product-type.application";
		};
		57BA01161DD31CAF00F05B2E /* PPX_LateralSpreadsTests */ = {
			isa = PBXNativeTarget;
			buildConfigurationList = 57BA012E1DD31CAF00F05B2E /* Build configuration list for PBXNativeTarget "PPX_LateralSpreadsTests" */;
			buildPhases = (
				57BA01131DD31CAF00F05B2E /* Sources */,
				57BA01141DD31CAF00F05B2E /* Frameworks */,
				57BA01151DD31CAF00F05B2E /* Resources */,
			);
			buildRules = (
			);
			dependencies = (
				57BA01191DD31CAF00F05B2E /* PBXTargetDependency */,
			);
			name = PPX_LateralSpreadsTests;
			productName = PPX_LateralSpreadsTests;
			productReference = 57BA01171DD31CAF00F05B2E /* PPX_LateralSpreadsTests.xctest */;
			productType = "com.apple.product-type.bundle.unit-test";
		};
		57BA01211DD31CAF00F05B2E /* PPX_LateralSpreadsUITests */ = {
			isa = PBXNativeTarget;
			buildConfigurationList = 57BA01311DD31CAF00F05B2E /* Build configuration list for PBXNativeTarget "PPX_LateralSpreadsUITests" */;
			buildPhases = (
				57BA011E1DD31CAF00F05B2E /* Sources */,
				57BA011F1DD31CAF00F05B2E /* Frameworks */,
				57BA01201DD31CAF00F05B2E /* Resources */,
			);
			buildRules = (
			);
			dependencies = (
				57BA01241DD31CAF00F05B2E /* PBXTargetDependency */,
			);
			name = PPX_LateralSpreadsUITests;
			productName = PPX_LateralSpreadsUITests;
			productReference = 57BA01221DD31CAF00F05B2E /* PPX_LateralSpreadsUITests.xctest */;
			productType = "com.apple.product-type.bundle.ui-testing";
		};
/* End PBXNativeTarget section */

/* Begin PBXProject section */
		57BA00F61DD31CAF00F05B2E /* Project object */ = {
			isa = PBXProject;
			attributes = {
				LastUpgradeCheck = 0810;
				ORGANIZATIONNAME = pipixia;
				TargetAttributes = {
					57BA00FD1DD31CAF00F05B2E = {
						CreatedOnToolsVersion = 8.1;
						ProvisioningStyle = Automatic;
					};
					57BA01161DD31CAF00F05B2E = {
						CreatedOnToolsVersion = 8.1;
						ProvisioningStyle = Automatic;
						TestTargetID = 57BA00FD1DD31CAF00F05B2E;
					};
					57BA01211DD31CAF00F05B2E = {
						CreatedOnToolsVersion = 8.1;
						ProvisioningStyle = Automatic;
						TestTargetID = 57BA00FD1DD31CAF00F05B2E;
					};
				};
			};
			buildConfigurationList = 57BA00F91DD31CAF00F05B2E /* Build configuration list for PBXProject "PPX_LateralSpreads" */;
			compatibilityVersion = "Xcode 3.2";
			developmentRegion = English;
			hasScannedForEncodings = 0;
			knownRegions = (
				en,
				Base,
			);
			mainGroup = 57BA00F51DD31CAF00F05B2E;
			productRefGroup = 57BA00FF1DD31CAF00F05B2E /* Products */;
			projectDirPath = "";
			projectRoot = "";
			targets = (
				57BA00FD1DD31CAF00F05B2E /* PPX_LateralSpreads */,
				57BA01161DD31CAF00F05B2E /* PPX_LateralSpreadsTests */,
				57BA01211DD31CAF00F05B2E /* PPX_LateralSpreadsUITests */,
			);
		};
/* End PBXProject section */

/* Begin PBXResourcesBuildPhase section */
		57BA00FC1DD31CAF00F05B2E /* Resources */ = {
			isa = PBXResourcesBuildPhase;
			buildActionMask = 2147483647;
			files = (
				57BA01111DD31CAF00F05B2E /* LaunchScreen.storyboard in Resources */,
				57BA010E1DD31CAF00F05B2E /* Assets.xcassets in Resources */,
				57BA010C1DD31CAF00F05B2E /* Main.storyboard in Resources */,
			);
			runOnlyForDeploymentPostprocessing = 0;
		};
		57BA01151DD31CAF00F05B2E /* Resources */ = {
			isa = PBXResourcesBuildPhase;
			buildActionMask = 2147483647;
			files = (
			);
			runOnlyForDeploymentPostprocessing = 0;
		};
		57BA01201DD31CAF00F05B2E /* Resources */ = {
			isa = PBXResourcesBuildPhase;
			buildActionMask = 2147483647;
			files = (
			);
			runOnlyForDeploymentPostprocessing = 0;
		};
/* End PBXResourcesBuildPhase section */

/* Begin PBXSourcesBuildPhase section */
		57BA00FA1DD31CAF00F05B2E /* Sources */ = {
			isa = PBXSourcesBuildPhase;
			buildActionMask = 2147483647;
			files = (
				57BA01091DD31CAF00F05B2E /* ViewController.m in Sources */,
				57BA01061DD31CAF00F05B2E /* AppDelegate.m in Sources */,
				57BA01031DD31CAF00F05B2E /* main.m in Sources */,
			);
			runOnlyForDeploymentPostprocessing = 0;
		};
		57BA01131DD31CAF00F05B2E /* Sources */ = {
			isa = PBXSourcesBuildPhase;
			buildActionMask = 2147483647;
			files = (
				57BA011C1DD31CAF00F05B2E /* PPX_LateralSpreadsTests.m in Sources */,
			);
			runOnlyForDeploymentPostprocessing = 0;
		};
		57BA011E1DD31CAF00F05B2E /* Sources */ = {
			isa = PBXSourcesBuildPhase;
			buildActionMask = 2147483647;
			files = (
				57BA01271DD31CAF00F05B2E /* PPX_LateralSpreadsUITests.m in Sources */,
			);
			runOnlyForDeploymentPostprocessing = 0;
		};
/* End PBXSourcesBuildPhase section */

/* Begin PBXTargetDependency section */
		57BA01191DD31CAF00F05B2E /* PBXTargetDependency */ = {
			isa = PBXTargetDependency;
			target = 57BA00FD1DD31CAF00F05B2E /* PPX_LateralSpreads */;
			targetProxy = 57BA01181DD31CAF00F05B2E /* PBXContainerItemProxy */;
		};
		57BA01241DD31CAF00F05B2E /* PBXTargetDependency */ = {
			isa = PBXTargetDependency;
			target = 57BA00FD1DD31CAF00F05B2E /* PPX_LateralSpreads */;
			targetProxy = 57BA01231DD31CAF00F05B2E /* PBXContainerItemProxy */;
		};
/* End PBXTargetDependency section */

/* Begin PBXVariantGroup section */
		57BA010A1DD31CAF00F05B2E /* Main.storyboard */ = {
			isa = PBXVariantGroup;
			children = (
				57BA010B1DD31CAF00F05B2E /* Base */,
			);
			name = Main.storyboard;
			sourceTree = "<group>";
		};
		57BA010F1DD31CAF00F05B2E /* LaunchScreen.storyboard */ = {
			isa = PBXVariantGroup;
			children = (
				57BA01101DD31CAF00F05B2E /* Base */,
			);
			name = LaunchScreen.storyboard;
			sourceTree = "<group>";
		};
/* End PBXVariantGroup section */

/* Begin XCBuildConfiguration section */
		57BA01291DD31CAF00F05B2E /* Debug */ = {
			isa = XCBuildConfiguration;
			buildSettings = {
				ALWAYS_SEARCH_USER_PATHS = NO;
				CLANG_ANALYZER_NONNULL = YES;
				CLANG_CXX_LANGUAGE_STANDARD = "gnu++0x";
				CLANG_CXX_LIBRARY = "libc++";
				CLANG_ENABLE_MODULES = YES;
				CLANG_ENABLE_OBJC_ARC = YES;
				CLANG_WARN_BOOL_CONVERSION = YES;
				CLANG_WARN_CONSTANT_CONVERSION = YES;
				CLANG_WARN_DIRECT_OBJC_ISA_USAGE = YES_ERROR;
				CLANG_WARN_DOCUMENTATION_COMMENTS = YES;
				CLANG_WARN_EMPTY_BODY = YES;
				CLANG_WARN_ENUM_CONVERSION = YES;
				CLANG_WARN_INFINITE_RECURSION = YES;
				CLANG_WARN_INT_CONVERSION = YES;
				CLANG_WARN_OBJC_ROOT_CLASS = YES_ERROR;
				CLANG_WARN_SUSPICIOUS_MOVES = YES;
				CLANG_WARN_UNREACHABLE_CODE = YES;
				CLANG_WARN__DUPLICATE_METHOD_MATCH = YES;
				"CODE_SIGN_IDENTITY[sdk=iphoneos*]" = "iPhone Developer";
				COPY_PHASE_STRIP = NO;
				DEBUG_INFORMATION_FORMAT = dwarf;
				ENABLE_STRICT_OBJC_MSGSEND = YES;
				ENABLE_TESTABILITY = YES;
				GCC_C_LANGUAGE_STANDARD = gnu99;
				GCC_DYNAMIC_NO_PIC = NO;
				GCC_NO_COMMON_BLOCKS = YES;
				GCC_OPTIMIZATION_LEVEL = 0;
				GCC_PREPROCESSOR_DEFINITIONS = (
					"DEBUG=1",
					"$(inherited)",
				);
				GCC_WARN_64_TO_32_BIT_CONVERSION = YES;
				GCC_WARN_ABOUT_RETURN_TYPE = YES_ERROR;
				GCC_WARN_UNDECLARED_SELECTOR = YES;
				GCC_WARN_UNINITIALIZED_AUTOS = YES_AGGRESSIVE;
				GCC_WARN_UNUSED_FUNCTION = YES;
				GCC_WARN_UNUSED_VARIABLE = YES;
				IPHONEOS_DEPLOYMENT_TARGET = 10.1;
				MTL_ENABLE_DEBUG_INFO = YES;
				ONLY_ACTIVE_ARCH = YES;
				SDKROOT = iphoneos;
				TARGETED_DEVICE_FAMILY = "1,2";
			};
			name = Debug;
		};
		57BA012A1DD31CAF00F05B2E /* Release */ = {
			isa = XCBuildConfiguration;
			buildSettings = {
				ALWAYS_SEARCH_USER_PATHS = NO;
				CLANG_ANALYZER_NONNULL = YES;
				CLANG_CXX_LANGUAGE_STANDARD = "gnu++0x";
				CLANG_CXX_LIBRARY = "libc++";
				CLANG_ENABLE_MODULES = YES;
				CLANG_ENABLE_OBJC_ARC = YES;
				CLANG_WARN_BOOL_CONVERSION = YES;
				CLANG_WARN_CONSTANT_CONVERSION = YES;
				CLANG_WARN_DIRECT_OBJC_ISA_USAGE = YES_ERROR;
				CLANG_WARN_DOCUMENTATION_COMMENTS = YES;
				CLANG_WARN_EMPTY_BODY = YES;
				CLANG_WARN_ENUM_CONVERSION = YES;
				CLANG_WARN_INFINITE_RECURSION = YES;
				CLANG_WARN_INT_CONVERSION = YES;
				CLANG_WARN_OBJC_ROOT_CLASS = YES_ERROR;
				CLANG_WARN_SUSPICIOUS_MOVES = YES;
				CLANG_WARN_UNREACHABLE_CODE = YES;
				CLANG_WARN__DUPLICATE_METHOD_MATCH = YES;
				"CODE_SIGN_IDENTITY[sdk=iphoneos*]" = "iPhone Developer";
				COPY_PHASE_STRIP = NO;
				DEBUG_INFORMATION_FORMAT = "dwarf-with-dsym";
				ENABLE_NS_ASSERTIONS = NO;
				ENABLE_STRICT_OBJC_MSGSEND = YES;
				GCC_C_LANGUAGE_STANDARD = gnu99;
				GCC_NO_COMMON_BLOCKS = YES;
				GCC_WARN_64_TO_32_BIT_CONVERSION = YES;
				GCC_WARN_ABOUT_RETURN_TYPE = YES_ERROR;
				GCC_WARN_UNDECLARED_SELECTOR = YES;
				GCC_WARN_UNINITIALIZED_AUTOS = YES_AGGRESSIVE;
				GCC_WARN_UNUSED_FUNCTION = YES;
				GCC_WARN_UNUSED_VARIABLE = YES;
				IPHONEOS_DEPLOYMENT_TARGET = 10.1;
				MTL_ENABLE_DEBUG_INFO = NO;
				SDKROOT = iphoneos;
				TARGETED_DEVICE_FAMILY = "1,2";
				VALIDATE_PRODUCT = YES;
			};
			name = Release;
		};
		57BA012C1DD31CAF00F05B2E /* Debug */ = {
			isa = XCBuildConfiguration;
			buildSettings = {
				ASSETCATALOG_COMPILER_APPICON_NAME = AppIcon;
				INFOPLIST_FILE = PPX_LateralSpreads/Info.plist;
				LD_RUNPATH_SEARCH_PATHS = "$(inherited) @executable_path/Frameworks";
				PRODUCT_BUNDLE_IDENTIFIER = "pipixia.PPX-LateralSpreads";
				PRODUCT_NAME = "$(TARGET_NAME)";
			};
			name = Debug;
		};
		57BA012D1DD31CAF00F05B2E /* Release */ = {
			isa = XCBuildConfiguration;
			buildSettings = {
				ASSETCATALOG_COMPILER_APPICON_NAME = AppIcon;
				INFOPLIST_FILE = PPX_LateralSpreads/Info.plist;
				LD_RUNPATH_SEARCH_PATHS = "$(inherited) @executable_path/Frameworks";
				PRODUCT_BUNDLE_IDENTIFIER = "pipixia.PPX-LateralSpreads";
				PRODUCT_NAME = "$(TARGET_NAME)";
			};
			name = Release;
		};
		57BA012F1DD31CAF00F05B2E /* Debug */ = {
			isa = XCBuildConfiguration;
			buildSettings = {
				BUNDLE_LOADER = "$(TEST_HOST)";
				INFOPLIST_FILE = PPX_LateralSpreadsTests/Info.plist;
				LD_RUNPATH_SEARCH_PATHS = "$(inherited) @executable_path/Frameworks @loader_path/Frameworks";
				PRODUCT_BUNDLE_IDENTIFIER = "pipixia.PPX-LateralSpreadsTests";
				PRODUCT_NAME = "$(TARGET_NAME)";
				TEST_HOST = "$(BUILT_PRODUCTS_DIR)/PPX_LateralSpreads.app/PPX_LateralSpreads";
			};
			name = Debug;
		};
		57BA01301DD31CAF00F05B2E /* Release */ = {
			isa = XCBuildConfiguration;
			buildSettings = {
				BUNDLE_LOADER = "$(TEST_HOST)";
				INFOPLIST_FILE = PPX_LateralSpreadsTests/Info.plist;
				LD_RUNPATH_SEARCH_PATHS = "$(inherited) @executable_path/Frameworks @loader_path/Frameworks";
				PRODUCT_BUNDLE_IDENTIFIER = "pipixia.PPX-LateralSpreadsTests";
				PRODUCT_NAME = "$(TARGET_NAME)";
				TEST_HOST = "$(BUILT_PRODUCTS_DIR)/PPX_LateralSpreads.app/PPX_LateralSpreads";
			};
			name = Release;
		};
		57BA01321DD31CAF00F05B2E /* Debug */ = {
			isa = XCBuildConfiguration;
			buildSettings = {
				INFOPLIST_FILE = PPX_LateralSpreadsUITests/Info.plist;
				LD_RUNPATH_SEARCH_PATHS = "$(inherited) @executable_path/Frameworks @loader_path/Frameworks";
				PRODUCT_BUNDLE_IDENTIFIER = "pipixia.PPX-LateralSpreadsUITests";
				PRODUCT_NAME = "$(TARGET_NAME)";
				TEST_TARGET_NAME = PPX_LateralSpreads;
			};
			name = Debug;
		};
		57BA01331DD31CAF00F05B2E /* Release */ = {
			isa = XCBuildConfiguration;
			buildSettings = {
				INFOPLIST_FILE = PPX_LateralSpreadsUITests/Info.plist;
				LD_RUNPATH_SEARCH_PATHS = "$(inherited) @executable_path/Frameworks @loader_path/Frameworks";
				PRODUCT_BUNDLE_IDENTIFIER = "pipixia.PPX-LateralSpreadsUITests";
				PRODUCT_NAME = "$(TARGET_NAME)";
				TEST_TARGET_NAME = PPX_LateralSpreads;
			};
			name = Release;
		};
/* End XCBuildConfiguration section */

/* Begin XCConfigurationList section */
		57BA00F91DD31CAF00F05B2E /* Build configuration list for PBXProject "PPX_LateralSpreads" */ = {
			isa = XCConfigurationList;
			buildConfigurations = (
				57BA01291DD31CAF00F05B2E /* Debug */,
				57BA012A1DD31CAF00F05B2E /* Release */,
			);
			defaultConfigurationIsVisible = 0;
			defaultConfigurationName = Release;
		};
		57BA012B1DD31CAF00F05B2E /* Build configuration list for PBXNativeTarget "PPX_LateralSpreads" */ = {
			isa = XCConfigurationList;
			buildConfigurations = (
				57BA012C1DD31CAF00F05B2E /* Debug */,
				57BA012D1DD31CAF00F05B2E /* Release */,
			);
			defaultConfigurationIsVisible = 0;
		};
		57BA012E1DD31CAF00F05B2E /* Build configuration list for PBXNativeTarget "PPX_LateralSpreadsTests" */ = {
			isa = XCConfigurationList;
			buildConfigurations = (
				57BA012F1DD31CAF00F05B2E /* Debug */,
				57BA01301DD31CAF00F05B2E /* Release */,
			);
			defaultConfigurationIsVisible = 0;
		};
		57BA01311DD31CAF00F05B2E /* Build configuration list for PBXNativeTarget "PPX_LateralSpreadsUITests" */ = {
			isa = XCConfigurationList;
			buildConfigurations = (
				57BA01321DD31CAF00F05B2E /* Debug */,
				57BA01331DD31CAF00F05B2E /* Release */,
			);
			defaultConfigurationIsVisible = 0;
		};
/* End XCConfigurationList section */
	};
	rootObject = 57BA00F61DD31CAF00F05B2E /* Project object */;
}
